
Microsoft Visual Studio Solution File, Format Version 12.00
# Visual Studio Version 17
VisualStudioVersion = 17.14.36310.24 d17.14
MinimumVisualStudioVersion = 10.0.40219.1
Project("{FAE04EC0-301F-11D3-BF4B-00C04F79EFBC}") = "MoneyTracker", "MoneyTracker\MoneyTracker.csproj", "{979D21F3-360E-4A72-A363-3DBFBE1F1872}"
EndProject
Global
	GlobalSection(SolutionConfigurationPlatforms) = preSolution
		Debug|Any CPU = Debug|Any CPU
		Release|Any CPU = Release|Any CPU
	EndGlobalSection
	GlobalSection(ProjectConfigurationPlatforms) = postSolution
		{979D21F3-360E-4A72-A363-3DBFBE1F1872}.Debug|Any CPU.ActiveCfg = Debug|Any CPU
		{979D21F3-360E-4A72-A363-3DBFBE1F1872}.Debug|Any CPU.Build.0 = Debug|Any CPU
		{979D21F3-360E-4A72-A363-3DBFBE1F1872}.Release|Any CPU.ActiveCfg = Release|Any CPU
		{979D21F3-360E-4A72-A363-3DBFBE1F1872}.Release|Any CPU.Build.0 = Release|Any CPU
	EndGlobalSection
	GlobalSection(SolutionProperties) = preSolution
		HideSolutionNode = FALSE
	EndGlobalSection
	GlobalSection(ExtensibilityGlobals) = postSolution
		SolutionGuid = {492D77DD-72CF-4F7D-92A2-B70F4BED28C6}
	EndGlobalSection
EndGlobal
