
Microsoft Visual Studio Solution File, Format Version 12.00
# Visual Studio Version 17
VisualStudioVersion = 17.14.36310.24 d17.14
MinimumVisualStudioVersion = 10.0.40219.1
Project("{FAE04EC0-301F-11D3-BF4B-00C04F79EFBC}") = "MoneyTracker", "MoneyTracker\MoneyTracker.csproj", "{77748327-C911-411A-ABE4-50D3B5CA9E27}"
EndProject
Global
	GlobalSection(SolutionConfigurationPlatforms) = preSolution
		Debug|Any CPU = Debug|Any CPU
		Release|Any CPU = Release|Any CPU
	EndGlobalSection
	GlobalSection(ProjectConfigurationPlatforms) = postSolution
		{77748327-C911-411A-ABE4-50D3B5CA9E27}.Debug|Any CPU.ActiveCfg = Debug|Any CPU
		{77748327-C911-411A-ABE4-50D3B5CA9E27}.Debug|Any CPU.Build.0 = Debug|Any CPU
		{77748327-C911-411A-ABE4-50D3B5CA9E27}.Release|Any CPU.ActiveCfg = Release|Any CPU
		{77748327-C911-411A-ABE4-50D3B5CA9E27}.Release|Any CPU.Build.0 = Release|Any CPU
	EndGlobalSection
	GlobalSection(SolutionProperties) = preSolution
		HideSolutionNode = FALSE
	EndGlobalSection
	GlobalSection(ExtensibilityGlobals) = postSolution
		SolutionGuid = {4F23AA57-4F98-4C75-A153-A07C20B37C50}
	EndGlobalSection
EndGlobal
